{
    "version": 3,
    "terraform_version": "0.9.4",
    "serial": 0,
    "lineage": "6864875a-2f26-4bc0-a606-878d33503dea",
    "modules": [
        {
            "path": [
                "root"
            ],
            "outputs": {},
            "resources": {
                "aws_instance.example": {
                    "type": "aws_instance",
                    "depends_on": [],
                    "primary": {
                        "id": "i-0d2374f86a8095cef",
                        "attributes": {
                            "ami": "ami-7a85a01a",
                            "associate_public_ip_address": "true",
                            "availability_zone": "us-west-1a",
                            "disable_api_termination": "false",
                            "ebs_block_device.#": "0",
                            "ebs_optimized": "false",
                            "ephemeral_block_device.#": "0",
                            "iam_instance_profile": "",
                            "id": "i-0d2374f86a8095cef",
                            "instance_state": "running",
                            "instance_type": "t2.micro",
                            "ipv6_address_count": "0",
                            "ipv6_addresses.#": "0",
                            "key_name": "",
                            "monitoring": "false",
                            "network_interface.#": "0",
                            "network_interface_id": "eni-e3d83ae3",
                            "primary_network_interface_id": "eni-e3d83ae3",
                            "private_dns": "ip-172-31-0-176.us-west-1.compute.internal",
                            "private_ip": "172.31.0.176",
                            "public_dns": "ec2-54-183-209-126.us-west-1.compute.amazonaws.com",
                            "public_ip": "54.183.209.126",
                            "root_block_device.#": "1",
                            "root_block_device.0.delete_on_termination": "true",
                            "root_block_device.0.iops": "100",
                            "root_block_device.0.volume_size": "8",
                            "root_block_device.0.volume_type": "gp2",
                            "security_groups.#": "0",
                            "source_dest_check": "true",
                            "subnet_id": "subnet-0ea95556",
                            "tags.%": "0",
                            "tenancy": "default",
                            "volume_tags.%": "0",
                            "vpc_security_group_ids.#": "1",
                            "vpc_security_group_ids.527705002": "sg-6c030d08"
                        },
                        "meta": {
                            "schema_version": "1"
                        },
                        "tainted": false
                    },
                    "deposed": [],
                    "provider": ""
                }
            },
            "depends_on": []
        }
    ]
}
